
Microsoft Visual Studio Solution File, Format Version 12.00
# Visual Studio 15
VisualStudioVersion = 15.0.27703.2047
MinimumVisualStudioVersion = 10.0.40219.1
Project("{FAE04EC0-301F-11D3-BF4B-00C04F79EFBC}") = "EservicesAPI", "EservicesAPI\EservicesAPI.csproj", "{55752E83-9136-4213-8D46-AC7C32E205D4}"
EndProject
Project("{FAE04EC0-301F-11D3-BF4B-00C04F79EFBC}") = "BaseLib", "BaseLib\BaseLib.csproj", "{568FE5F5-C3FD-495C-9FE1-254334B90D21}"
EndProject
Project("{FAE04EC0-301F-11D3-BF4B-00C04F79EFBC}") = "EservicesLib", "EservicesLib\EservicesLib.csproj", "{87DA4D57-820D-4A9A-BAD7-DD4375227D8C}"
EndProject
Global
	GlobalSection(SolutionConfigurationPlatforms) = preSolution
		Debug|Any CPU = Debug|Any CPU
		Release|Any CPU = Release|Any CPU
	EndGlobalSection
	GlobalSection(ProjectConfigurationPlatforms) = postSolution
		{55752E83-9136-4213-8D46-AC7C32E205D4}.Debug|Any CPU.ActiveCfg = Debug|Any CPU
		{55752E83-9136-4213-8D46-AC7C32E205D4}.Debug|Any CPU.Build.0 = Debug|Any CPU
		{55752E83-9136-4213-8D46-AC7C32E205D4}.Release|Any CPU.ActiveCfg = Release|Any CPU
		{55752E83-9136-4213-8D46-AC7C32E205D4}.Release|Any CPU.Build.0 = Release|Any CPU
		{568FE5F5-C3FD-495C-9FE1-254334B90D21}.Debug|Any CPU.ActiveCfg = Debug|Any CPU
		{568FE5F5-C3FD-495C-9FE1-254334B90D21}.Debug|Any CPU.Build.0 = Debug|Any CPU
		{568FE5F5-C3FD-495C-9FE1-254334B90D21}.Release|Any CPU.ActiveCfg = Release|Any CPU
		{568FE5F5-C3FD-495C-9FE1-254334B90D21}.Release|Any CPU.Build.0 = Release|Any CPU
		{87DA4D57-820D-4A9A-BAD7-DD4375227D8C}.Debug|Any CPU.ActiveCfg = Debug|Any CPU
		{87DA4D57-820D-4A9A-BAD7-DD4375227D8C}.Debug|Any CPU.Build.0 = Debug|Any CPU
		{87DA4D57-820D-4A9A-BAD7-DD4375227D8C}.Release|Any CPU.ActiveCfg = Release|Any CPU
		{87DA4D57-820D-4A9A-BAD7-DD4375227D8C}.Release|Any CPU.Build.0 = Release|Any CPU
	EndGlobalSection
	GlobalSection(SolutionProperties) = preSolution
		HideSolutionNode = FALSE
	EndGlobalSection
	GlobalSection(ExtensibilityGlobals) = postSolution
		SolutionGuid = {900726AF-C2A9-476F-9585-4BE9A75FA426}
	EndGlobalSection
	GlobalSection(TeamFoundationVersionControl) = preSolution
		SccNumberOfProjects = 4
		SccEnterpriseProvider = {4CA58AB2-18FA-4F8D-95D4-32DDF27D184C}
		SccTeamFoundationServer = http://rs-tfs2017:8080/tfs/webservices
		SccLocalPath0 = .
		SccProjectUniqueName1 = BaseLib\\BaseLib.csproj
		SccProjectName1 = BaseLib
		SccLocalPath1 = BaseLib
		SccProjectUniqueName2 = EservicesAPI\\EservicesAPI.csproj
		SccProjectName2 = EservicesAPI
		SccLocalPath2 = EservicesAPI
		SccProjectUniqueName3 = EservicesLib\\EservicesLib.csproj
		SccProjectName3 = EservicesLib
		SccLocalPath3 = EservicesLib
	EndGlobalSection
EndGlobal
